
Microsoft Visual Studio Solution File, Format Version 12.00
# Visual Studio Version 16
VisualStudioVersion = 16.0.32929.386
MinimumVisualStudioVersion = 10.0.40219.1
Project("{FAE04EC0-301F-11D3-BF4B-00C04F79EFBC}") = "Tiny TypeScript", "Tiny TypeScript.csproj", "{03A428EA-8D0A-412D-B922-53EDCD4BFE9D}"
EndProject
Global
	GlobalSection(SolutionConfigurationPlatforms) = preSolution
		Debug|Any CPU = Debug|Any CPU
		Release|Any CPU = Release|Any CPU
	EndGlobalSection
	GlobalSection(ProjectConfigurationPlatforms) = postSolution
		{03A428EA-8D0A-412D-B922-53EDCD4BFE9D}.Debug|Any CPU.ActiveCfg = Debug|Any CPU
		{03A428EA-8D0A-412D-B922-53EDCD4BFE9D}.Debug|Any CPU.Build.0 = Debug|Any CPU
		{03A428EA-8D0A-412D-B922-53EDCD4BFE9D}.Release|Any CPU.ActiveCfg = Release|Any CPU
		{03A428EA-8D0A-412D-B922-53EDCD4BFE9D}.Release|Any CPU.Build.0 = Release|Any CPU
	EndGlobalSection
	GlobalSection(SolutionProperties) = preSolution
		HideSolutionNode = FALSE
	EndGlobalSection
	GlobalSection(ExtensibilityGlobals) = postSolution
		SolutionGuid = {5692A419-DEF9-408E-B3D6-4ABD65B183D1}
	EndGlobalSection
EndGlobal
